
Microsoft Visual Studio Solution File, Format Version 12.00
# Visual Studio Version 16
VisualStudioVersion = 16.0.31624.102
MinimumVisualStudioVersion = 10.0.40219.1
Project("{FAE04EC0-301F-11D3-BF4B-00C04F79EFBC}") = "Examen-AnderGaona", "Examen-AnderGaona\Examen-AnderGaona.csproj", "{71409D1B-D357-4B10-973C-BE3375F68901}"
EndProject
Global
	GlobalSection(SolutionConfigurationPlatforms) = preSolution
		Debug|Any CPU = Debug|Any CPU
		Release|Any CPU = Release|Any CPU
	EndGlobalSection
	GlobalSection(ProjectConfigurationPlatforms) = postSolution
		{71409D1B-D357-4B10-973C-BE3375F68901}.Debug|Any CPU.ActiveCfg = Debug|Any CPU
		{71409D1B-D357-4B10-973C-BE3375F68901}.Debug|Any CPU.Build.0 = Debug|Any CPU
		{71409D1B-D357-4B10-973C-BE3375F68901}.Release|Any CPU.ActiveCfg = Release|Any CPU
		{71409D1B-D357-4B10-973C-BE3375F68901}.Release|Any CPU.Build.0 = Release|Any CPU
	EndGlobalSection
	GlobalSection(SolutionProperties) = preSolution
		HideSolutionNode = FALSE
	EndGlobalSection
	GlobalSection(ExtensibilityGlobals) = postSolution
		SolutionGuid = {629AB423-ECD1-4DBD-9F11-6502CAD6E1A9}
	EndGlobalSection
EndGlobal
